
Microsoft Visual Studio Solution File, Format Version 12.00
# Visual Studio Version 16
VisualStudioVersion = 16.0.29613.14
MinimumVisualStudioVersion = 10.0.40219.1
Project("{FAE04EC0-301F-11D3-BF4B-00C04F79EFBC}") = "ComicWeb", "ComicWeb\ComicWeb.csproj", "{CC0C08EB-4895-4E22-9AA4-A9FAB7CB74CF}"
EndProject
Project("{FAE04EC0-301F-11D3-BF4B-00C04F79EFBC}") = "ComicSharedModels", "ComicSharedModels\ComicSharedModels.csproj", "{AB24F186-4630-474F-A19B-5F0763E08B6D}"
EndProject
Project("{FAE04EC0-301F-11D3-BF4B-00C04F79EFBC}") = "ComicClient", "ComicClient\ComicClient.csproj", "{B067339F-F6F6-4A47-BA89-55F6D4F43753}"
EndProject
Project("{FAE04EC0-301F-11D3-BF4B-00C04F79EFBC}") = "ComicWeb.Test", "ComicWeb.Test\ComicWeb.Test.csproj", "{1524BD03-E771-4E1A-A960-849AE9B2EED0}"
EndProject
Global
	GlobalSection(SolutionConfigurationPlatforms) = preSolution
		Debug|Any CPU = Debug|Any CPU
		Release|Any CPU = Release|Any CPU
	EndGlobalSection
	GlobalSection(ProjectConfigurationPlatforms) = postSolution
		{CC0C08EB-4895-4E22-9AA4-A9FAB7CB74CF}.Debug|Any CPU.ActiveCfg = Debug|Any CPU
		{CC0C08EB-4895-4E22-9AA4-A9FAB7CB74CF}.Debug|Any CPU.Build.0 = Debug|Any CPU
		{CC0C08EB-4895-4E22-9AA4-A9FAB7CB74CF}.Release|Any CPU.ActiveCfg = Release|Any CPU
		{CC0C08EB-4895-4E22-9AA4-A9FAB7CB74CF}.Release|Any CPU.Build.0 = Release|Any CPU
		{AB24F186-4630-474F-A19B-5F0763E08B6D}.Debug|Any CPU.ActiveCfg = Debug|Any CPU
		{AB24F186-4630-474F-A19B-5F0763E08B6D}.Debug|Any CPU.Build.0 = Debug|Any CPU
		{AB24F186-4630-474F-A19B-5F0763E08B6D}.Release|Any CPU.ActiveCfg = Release|Any CPU
		{AB24F186-4630-474F-A19B-5F0763E08B6D}.Release|Any CPU.Build.0 = Release|Any CPU
		{B067339F-F6F6-4A47-BA89-55F6D4F43753}.Debug|Any CPU.ActiveCfg = Debug|Any CPU
		{B067339F-F6F6-4A47-BA89-55F6D4F43753}.Debug|Any CPU.Build.0 = Debug|Any CPU
		{B067339F-F6F6-4A47-BA89-55F6D4F43753}.Release|Any CPU.ActiveCfg = Release|Any CPU
		{B067339F-F6F6-4A47-BA89-55F6D4F43753}.Release|Any CPU.Build.0 = Release|Any CPU
		{1524BD03-E771-4E1A-A960-849AE9B2EED0}.Debug|Any CPU.ActiveCfg = Debug|Any CPU
		{1524BD03-E771-4E1A-A960-849AE9B2EED0}.Debug|Any CPU.Build.0 = Debug|Any CPU
		{1524BD03-E771-4E1A-A960-849AE9B2EED0}.Release|Any CPU.ActiveCfg = Release|Any CPU
		{1524BD03-E771-4E1A-A960-849AE9B2EED0}.Release|Any CPU.Build.0 = Release|Any CPU
	EndGlobalSection
	GlobalSection(SolutionProperties) = preSolution
		HideSolutionNode = FALSE
	EndGlobalSection
	GlobalSection(ExtensibilityGlobals) = postSolution
		SolutionGuid = {146241E6-60B9-43D9-8AF0-470E7E77BA7D}
	EndGlobalSection
EndGlobal
